<?xml version="1.0" encoding="UTF-8" standalone="yes" ?>
<CodeBlocks_project_file>
	<FileVersion major="1" minor="6" />
	<Project>
		<Option title="HOTFloorplan" />
		<Option pch_mode="2" />
		<Option compiler="gcc" />
		<Build>
			<Target title="Debug">
				<Option output="HOTFloorplan" prefix_auto="1" extension_auto="1" />
				<Option object_output="C:/Users/cyndwith/Documents/GitHub/ThermalAware-FloorPlanning/C++ Codes/HOTFloorplan/.objs" />
				<Option type="1" />
				<Option compiler="gcc" />
				<Compiler>
					<Add option="-g" />
				</Compiler>
			</Target>
			<Target title="Release">
				<Option output="bin/Release/HOTFloorplan" prefix_auto="1" extension_auto="1" />
				<Option object_output="obj/Release/" />
				<Option type="1" />
				<Option compiler="gcc" />
				<Compiler>
					<Add option="-O2" />
				</Compiler>
				<Linker>
					<Add option="-s" />
				</Linker>
			</Target>
		</Build>
		<Compiler>
			<Add option="-Wall" />
			<Add option="-fexceptions" />
		</Compiler>
		<Unit filename="RCutil.c">
			<Option compilerVar="CC" />
		</Unit>
		<Unit filename="flp.c">
			<Option compilerVar="CC" />
		</Unit>
		<Unit filename="flp.h" />
		<Unit filename="flp_desc.c">
			<Option compilerVar="CC" />
		</Unit>
		<Unit filename="hotfloorplan.c">
			<Option compilerVar="CC" />
		</Unit>
		<Unit filename="hotfloorplan.h" />
		<Unit filename="npe.c">
			<Option compilerVar="CC" />
		</Unit>
		<Unit filename="npe.h" />
		<Unit filename="package.c">
			<Option compilerVar="CC" />
		</Unit>
		<Unit filename="package.h" />
		<Unit filename="shape.c">
			<Option compilerVar="CC" />
		</Unit>
		<Unit filename="sim-template.c">
			<Option compilerVar="CC" />
		</Unit>
		<Unit filename="temperature.c">
			<Option compilerVar="CC" />
		</Unit>
		<Unit filename="temperature.h" />
		<Unit filename="temperature_block.c">
			<Option compilerVar="CC" />
		</Unit>
		<Unit filename="temperature_block.h" />
		<Unit filename="temperature_grid.c">
			<Option compilerVar="CC" />
		</Unit>
		<Unit filename="temperature_grid.h" />
		<Unit filename="util.c">
			<Option compilerVar="CC" />
		</Unit>
		<Unit filename="util.h" />
		<Unit filename="wire.c">
			<Option compilerVar="CC" />
		</Unit>
		<Unit filename="wire.h" />
		<Extensions>
			<code_completion />
			<envvars />
			<debugger />
		</Extensions>
	</Project>
</CodeBlocks_project_file>
